{
    "_readme": [
        "This file locks the dependencies of your project to a known state",
        "Read more about it at https://getcomposer.org/doc/01-basic-usage.md#composer-lock-the-lock-file",
        "This file is @generated automatically"
    ],
    "content-hash": "bab188f82f0b5b25717617c66bde6b69",
    "packages": [
        {
            "name": "pimple/pimple",
            "version": "v3.2.2",
            "source": {
                "type": "git",
                "url": "https://github.com/silexphp/Pimple.git",
                "reference": "4d45fb62d96418396ec58ba76e6f065bca16e10a"
            },
            "dist": {
                "type": "zip",
                "url": "https://api.github.com/repos/silexphp/Pimple/zipball/4d45fb62d96418396ec58ba76e6f065bca16e10a",
                "reference": "4d45fb62d96418396ec58ba76e6f065bca16e10a",
                "shasum": ""
            },
            "require": {
                "php": ">=5.3.0",
                "psr/container": "^1.0"
            },
            "require-dev": {
                "symfony/phpunit-bridge": "^3.2"
            },
            "type": "library",
            "extra": {
                "branch-alias": {
                    "dev-master": "3.2.x-dev"
                }
            },
            "autoload": {
                "psr-0": {
                    "Pimple": "src/"
                }
            },
            "notification-url": "https://packagist.org/downloads/",
            "license": [
                "MIT"
            ],
            "authors": [
                {
                    "name": "Fabien Potencier",
                    "email": "fabien@symfony.com"
                }
            ],
            "description": "Pimple, a simple Dependency Injection Container",
            "homepage": "http://pimple.sensiolabs.org",
            "keywords": [
                "container",
                "dependency injection"
            ],
            "time": "2017-07-23T07:32:15+00:00"
        },
        {
            "name": "psr/container",
            "version": "1.0.0",
            "source": {
                "type": "git",
                "url": "https://github.com/php-fig/container.git",
                "reference": "b7ce3b176482dbbc1245ebf52b181af44c2cf55f"
            },
            "dist": {
                "type": "zip",
                "url": "https://api.github.com/repos/php-fig/container/zipball/b7ce3b176482dbbc1245ebf52b181af44c2cf55f",
                "reference": "b7ce3b176482dbbc1245ebf52b181af44c2cf55f",
                "shasum": ""
            },
            "require": {
                "php": ">=5.3.0"
            },
            "type": "library",
            "extra": {
                "branch-alias": {
                    "dev-master": "1.0.x-dev"
                }
            },
            "autoload": {
                "psr-4": {
                    "Psr\\Container\\": "src/"
                }
            },
            "notification-url": "https://packagist.org/downloads/",
            "license": [
                "MIT"
            ],
            "authors": [
                {
                    "name": "PHP-FIG",
                    "homepage": "http://www.php-fig.org/"
                }
            ],
            "description": "Common Container Interface (PHP FIG PSR-11)",
            "homepage": "https://github.com/php-fig/container",
            "keywords": [
                "PSR-11",
                "container",
                "container-interface",
                "container-interop",
                "psr"
            ],
            "time": "2017-02-14T16:28:37+00:00"
        },
        {
            "name": "sergiors/prelude",
            "version": "dev-master",
            "source": {
                "type": "git",
                "url": "https://github.com/sergiors/prelude.git",
                "reference": "04fdd73fb1fb187d13c75ba12347ec21423f0d72"
            },
            "dist": {
                "type": "zip",
                "url": "https://api.github.com/repos/sergiors/prelude/zipball/04fdd73fb1fb187d13c75ba12347ec21423f0d72",
                "reference": "04fdd73fb1fb187d13c75ba12347ec21423f0d72",
                "shasum": ""
            },
            "require": {
                "php": "^7.1"
            },
            "require-dev": {
                "pdepend/pdepend": "^2.2",
                "phing/phing": "^2.14",
                "phpbench/phpbench": "@dev",
                "phploc/phploc": "^3.0",
                "phpmd/phpmd": "^2.4",
                "phpunit/phpunit": "^6",
                "sebastian/phpcpd": "^2.0",
                "squizlabs/php_codesniffer": "^2.6"
            },
            "type": "library",
            "autoload": {
                "files": [
                    "src/consts.php",
                    "src/all.php",
                    "src/allPass.php",
                    "src/always.php",
                    "src/any.php",
                    "src/anyPass.php",
                    "src/append.php",
                    "src/contains.php",
                    "src/compose.php",
                    "src/cond.php",
                    "src/divide.php",
                    "src/drop.php",
                    "src/equals.php",
                    "src/filter.php",
                    "src/find.php",
                    "src/flatten.php",
                    "src/gt.php",
                    "src/gte.php",
                    "src/has.php",
                    "src/head.php",
                    "src/id.php",
                    "src/ifElse.php",
                    "src/isEmpty.php",
                    "src/indexOf.php",
                    "src/init.php",
                    "src/join.php",
                    "src/last.php",
                    "src/lt.php",
                    "src/lte.php",
                    "src/map.php",
                    "src/memoize.php",
                    "src/merge.php",
                    "src/multiply.php",
                    "src/none.php",
                    "src/not.php",
                    "src/partial.php",
                    "src/pipe.php",
                    "src/prepend.php",
                    "src/prop.php",
                    "src/reduce.php",
                    "src/replace.php",
                    "src/slice.php",
                    "src/split.php",
                    "src/tail.php",
                    "src/take.php",
                    "src/toString.php",
                    "src/typeof.php",
                    "src/unless.php",
                    "src/when.php"
                ]
            },
            "notification-url": "https://packagist.org/downloads/",
            "license": [
                "MIT"
            ],
            "authors": [
                {
                    "name": "Sérgio Rafael Siqueira",
                    "email": "sergio@inbep.com.br"
                }
            ],
            "description": "Functional library",
            "keywords": [
                "functional-programming",
                "monad"
            ],
            "time": "2018-01-02T13:38:05+00:00"
        },
        {
            "name": "symfony/console",
            "version": "v4.0.2",
            "source": {
                "type": "git",
                "url": "https://github.com/symfony/console.git",
                "reference": "de8cf039eacdec59d83f7def67e3b8ff5ed46714"
            },
            "dist": {
                "type": "zip",
                "url": "https://api.github.com/repos/symfony/console/zipball/de8cf039eacdec59d83f7def67e3b8ff5ed46714",
                "reference": "de8cf039eacdec59d83f7def67e3b8ff5ed46714",
                "shasum": ""
            },
            "require": {
                "php": "^7.1.3",
                "symfony/polyfill-mbstring": "~1.0"
            },
            "conflict": {
                "symfony/dependency-injection": "<3.4",
                "symfony/process": "<3.3"
            },
            "require-dev": {
                "psr/log": "~1.0",
                "symfony/config": "~3.4|~4.0",
                "symfony/dependency-injection": "~3.4|~4.0",
                "symfony/event-dispatcher": "~3.4|~4.0",
                "symfony/lock": "~3.4|~4.0",
                "symfony/process": "~3.4|~4.0"
            },
            "suggest": {
                "psr/log": "For using the console logger",
                "symfony/event-dispatcher": "",
                "symfony/lock": "",
                "symfony/process": ""
            },
            "type": "library",
            "extra": {
                "branch-alias": {
                    "dev-master": "4.0-dev"
                }
            },
            "autoload": {
                "psr-4": {
                    "Symfony\\Component\\Console\\": ""
                },
                "exclude-from-classmap": [
                    "/Tests/"
                ]
            },
            "notification-url": "https://packagist.org/downloads/",
            "license": [
                "MIT"
            ],
            "authors": [
                {
                    "name": "Fabien Potencier",
                    "email": "fabien@symfony.com"
                },
                {
                    "name": "Symfony Community",
                    "homepage": "https://symfony.com/contributors"
                }
            ],
            "description": "Symfony Console Component",
            "homepage": "https://symfony.com",
            "time": "2017-12-14T19:48:22+00:00"
        },
        {
            "name": "symfony/polyfill-mbstring",
            "version": "v1.6.0",
            "source": {
                "type": "git",
                "url": "https://github.com/symfony/polyfill-mbstring.git",
                "reference": "2ec8b39c38cb16674bbf3fea2b6ce5bf117e1296"
            },
            "dist": {
                "type": "zip",
                "url": "https://api.github.com/repos/symfony/polyfill-mbstring/zipball/2ec8b39c38cb16674bbf3fea2b6ce5bf117e1296",
                "reference": "2ec8b39c38cb16674bbf3fea2b6ce5bf117e1296",
                "shasum": ""
            },
            "require": {
                "php": ">=5.3.3"
            },
            "suggest": {
                "ext-mbstring": "For best performance"
            },
            "type": "library",
            "extra": {
                "branch-alias": {
                    "dev-master": "1.6-dev"
                }
            },
            "autoload": {
                "psr-4": {
                    "Symfony\\Polyfill\\Mbstring\\": ""
                },
                "files": [
                    "bootstrap.php"
                ]
            },
            "notification-url": "https://packagist.org/downloads/",
            "license": [
                "MIT"
            ],
            "authors": [
                {
                    "name": "Nicolas Grekas",
                    "email": "p@tchwork.com"
                },
                {
                    "name": "Symfony Community",
                    "homepage": "https://symfony.com/contributors"
                }
            ],
            "description": "Symfony polyfill for the Mbstring extension",
            "homepage": "https://symfony.com",
            "keywords": [
                "compatibility",
                "mbstring",
                "polyfill",
                "portable",
                "shim"
            ],
            "time": "2017-10-11T12:05:26+00:00"
        }
    ],
    "packages-dev": [],
    "aliases": [],
    "minimum-stability": "stable",
    "stability-flags": {
        "sergiors/prelude": 20
    },
    "prefer-stable": false,
    "prefer-lowest": false,
    "platform": [],
    "platform-dev": []
}
